// !$*UTF8*$!
{
	archiveVersion = 1;
	classes = {
	};
	objectVersion = 56;
	objects = {

/* Begin PBXBuildFile section */
		763944AC2C6C488900F7EDAB /* Abilities.swift in Sources */ = {isa = PBXBuildFile; fileRef = 763944AB2C6C488900F7EDAB /* Abilities.swift */; };
		763944AE2C6CFCF500F7EDAB /* AnyTask.swift in Sources */ = {isa = PBXBuildFile; fileRef = 763944AD2C6CFCF500F7EDAB /* AnyTask.swift */; };
		7681D8DC2C6B3401002D05C0 /* AppDelegate.swift in Sources */ = {isa = PBXBuildFile; fileRef = 7681D8DB2C6B3401002D05C0 /* AppDelegate.swift */; };
		7681D8DE2C6B3401002D05C0 /* SceneDelegate.swift in Sources */ = {isa = PBXBuildFile; fileRef = 7681D8DD2C6B3401002D05C0 /* SceneDelegate.swift */; };
		7681D8E02C6B3401002D05C0 /* ViewController.swift in Sources */ = {isa = PBXBuildFile; fileRef = 7681D8DF2C6B3401002D05C0 /* ViewController.swift */; };
		7681D8E32C6B3401002D05C0 /* Main.storyboard in Resources */ = {isa = PBXBuildFile; fileRef = 7681D8E12C6B3401002D05C0 /* Main.storyboard */; };
		7681D8E52C6B3402002D05C0 /* Assets.xcassets in Resources */ = {isa = PBXBuildFile; fileRef = 7681D8E42C6B3402002D05C0 /* Assets.xcassets */; };
		7681D8E82C6B3402002D05C0 /* LaunchScreen.storyboard in Resources */ = {isa = PBXBuildFile; fileRef = 7681D8E62C6B3402002D05C0 /* LaunchScreen.storyboard */; };
		7681D8F32C6B3402002D05C0 /* TestingActorsTests.swift in Sources */ = {isa = PBXBuildFile; fileRef = 7681D8F22C6B3402002D05C0 /* TestingActorsTests.swift */; };
		7681D8FD2C6B3402002D05C0 /* TestingActorsUITests.swift in Sources */ = {isa = PBXBuildFile; fileRef = 7681D8FC2C6B3402002D05C0 /* TestingActorsUITests.swift */; };
		7681D8FF2C6B3403002D05C0 /* TestingActorsUITestsLaunchTests.swift in Sources */ = {isa = PBXBuildFile; fileRef = 7681D8FE2C6B3403002D05C0 /* TestingActorsUITestsLaunchTests.swift */; };
		7681D90D2C6B341B002D05C0 /* NetworkingService.swift in Sources */ = {isa = PBXBuildFile; fileRef = 7681D90C2C6B341B002D05C0 /* NetworkingService.swift */; };
		7681D9102C6B3493002D05C0 /* Results.swift in Sources */ = {isa = PBXBuildFile; fileRef = 7681D90F2C6B3493002D05C0 /* Results.swift */; };
/* End PBXBuildFile section */

/* Begin PBXContainerItemProxy section */
		7681D8EF2C6B3402002D05C0 /* PBXContainerItemProxy */ = {
			isa = PBXContainerItemProxy;
			containerPortal = 7681D8D02C6B3401002D05C0 /* Project object */;
			proxyType = 1;
			remoteGlobalIDString = 7681D8D72C6B3401002D05C0;
			remoteInfo = TestingActors;
		};
		7681D8F92C6B3402002D05C0 /* PBXContainerItemProxy */ = {
			isa = PBXContainerItemProxy;
			containerPortal = 7681D8D02C6B3401002D05C0 /* Project object */;
			proxyType = 1;
			remoteGlobalIDString = 7681D8D72C6B3401002D05C0;
			remoteInfo = TestingActors;
		};
/* End PBXContainerItemProxy section */

/* Begin PBXFileReference section */
		763944AB2C6C488900F7EDAB /* Abilities.swift */ = {isa = PBXFileReference; lastKnownFileType = sourcecode.swift; path = Abilities.swift; sourceTree = "<group>"; };
		763944AD2C6CFCF500F7EDAB /* AnyTask.swift */ = {isa = PBXFileReference; lastKnownFileType = sourcecode.swift; path = AnyTask.swift; sourceTree = "<group>"; };
		7681D8D82C6B3401002D05C0 /* TestingActors.app */ = {isa = PBXFileReference; explicitFileType = wrapper.application; includeInIndex = 0; path = TestingActors.app; sourceTree = BUILT_PRODUCTS_DIR; };
		7681D8DB2C6B3401002D05C0 /* AppDelegate.swift */ = {isa = PBXFileReference; lastKnownFileType = sourcecode.swift; path = AppDelegate.swift; sourceTree = "<group>"; };
		7681D8DD2C6B3401002D05C0 /* SceneDelegate.swift */ = {isa = PBXFileReference; lastKnownFileType = sourcecode.swift; path = SceneDelegate.swift; sourceTree = "<group>"; };
		7681D8DF2C6B3401002D05C0 /* ViewController.swift */ = {isa = PBXFileReference; lastKnownFileType = sourcecode.swift; path = ViewController.swift; sourceTree = "<group>"; };
		7681D8E22C6B3401002D05C0 /* Base */ = {isa = PBXFileReference; lastKnownFileType = file.storyboard; name = Base; path = Base.lproj/Main.storyboard; sourceTree = "<group>"; };
		7681D8E42C6B3402002D05C0 /* Assets.xcassets */ = {isa = PBXFileReference; lastKnownFileType = folder.assetcatalog; path = Assets.xcassets; sourceTree = "<group>"; };
		7681D8E72C6B3402002D05C0 /* Base */ = {isa = PBXFileReference; lastKnownFileType = file.storyboard; name = Base; path = Base.lproj/LaunchScreen.storyboard; sourceTree = "<group>"; };
		7681D8E92C6B3402002D05C0 /* Info.plist */ = {isa = PBXFileReference; lastKnownFileType = text.plist.xml; path = Info.plist; sourceTree = "<group>"; };
		7681D8EE2C6B3402002D05C0 /* TestingActorsTests.xctest */ = {isa = PBXFileReference; explicitFileType = wrapper.cfbundle; includeInIndex = 0; path = TestingActorsTests.xctest; sourceTree = BUILT_PRODUCTS_DIR; };
		7681D8F22C6B3402002D05C0 /* TestingActorsTests.swift */ = {isa = PBXFileReference; lastKnownFileType = sourcecode.swift; path = TestingActorsTests.swift; sourceTree = "<group>"; };
		7681D8F82C6B3402002D05C0 /* TestingActorsUITests.xctest */ = {isa = PBXFileReference; explicitFileType = wrapper.cfbundle; includeInIndex = 0; path = TestingActorsUITests.xctest; sourceTree = BUILT_PRODUCTS_DIR; };
		7681D8FC2C6B3402002D05C0 /* TestingActorsUITests.swift */ = {isa = PBXFileReference; lastKnownFileType = sourcecode.swift; path = TestingActorsUITests.swift; sourceTree = "<group>"; };
		7681D8FE2C6B3403002D05C0 /* TestingActorsUITestsLaunchTests.swift */ = {isa = PBXFileReference; lastKnownFileType = sourcecode.swift; path = TestingActorsUITestsLaunchTests.swift; sourceTree = "<group>"; };
		7681D90C2C6B341B002D05C0 /* NetworkingService.swift */ = {isa = PBXFileReference; lastKnownFileType = sourcecode.swift; path = NetworkingService.swift; sourceTree = "<group>"; };
		7681D90F2C6B3493002D05C0 /* Results.swift */ = {isa = PBXFileReference; lastKnownFileType = sourcecode.swift; path = Results.swift; sourceTree = "<group>"; };
/* End PBXFileReference section */

/* Begin PBXFrameworksBuildPhase section */
		7681D8D52C6B3401002D05C0 /* Frameworks */ = {
			isa = PBXFrameworksBuildPhase;
			buildActionMask = 2147483647;
			files = (
			);
			runOnlyForDeploymentPostprocessing = 0;
		};
		7681D8EB2C6B3402002D05C0 /* Frameworks */ = {
			isa = PBXFrameworksBuildPhase;
			buildActionMask = 2147483647;
			files = (
			);
			runOnlyForDeploymentPostprocessing = 0;
		};
		7681D8F52C6B3402002D05C0 /* Frameworks */ = {
			isa = PBXFrameworksBuildPhase;
			buildActionMask = 2147483647;
			files = (
			);
			runOnlyForDeploymentPostprocessing = 0;
		};
/* End PBXFrameworksBuildPhase section */

/* Begin PBXGroup section */
		7681D8CF2C6B3401002D05C0 = {
			isa = PBXGroup;
			children = (
				7681D8DA2C6B3401002D05C0 /* TestingActors */,
				7681D8F12C6B3402002D05C0 /* TestingActorsTests */,
				7681D8FB2C6B3402002D05C0 /* TestingActorsUITests */,
				7681D8D92C6B3401002D05C0 /* Products */,
			);
			sourceTree = "<group>";
		};
		7681D8D92C6B3401002D05C0 /* Products */ = {
			isa = PBXGroup;
			children = (
				7681D8D82C6B3401002D05C0 /* TestingActors.app */,
				7681D8EE2C6B3402002D05C0 /* TestingActorsTests.xctest */,
				7681D8F82C6B3402002D05C0 /* TestingActorsUITests.xctest */,
			);
			name = Products;
			sourceTree = "<group>";
		};
		7681D8DA2C6B3401002D05C0 /* TestingActors */ = {
			isa = PBXGroup;
			children = (
				7681D90E2C6B346B002D05C0 /* Models */,
				7681D90B2C6B340E002D05C0 /* Networking */,
				7681D8DB2C6B3401002D05C0 /* AppDelegate.swift */,
				7681D8DD2C6B3401002D05C0 /* SceneDelegate.swift */,
				7681D8DF2C6B3401002D05C0 /* ViewController.swift */,
				7681D8E12C6B3401002D05C0 /* Main.storyboard */,
				7681D8E42C6B3402002D05C0 /* Assets.xcassets */,
				7681D8E62C6B3402002D05C0 /* LaunchScreen.storyboard */,
				7681D8E92C6B3402002D05C0 /* Info.plist */,
			);
			path = TestingActors;
			sourceTree = "<group>";
		};
		7681D8F12C6B3402002D05C0 /* TestingActorsTests */ = {
			isa = PBXGroup;
			children = (
				7681D8F22C6B3402002D05C0 /* TestingActorsTests.swift */,
			);
			path = TestingActorsTests;
			sourceTree = "<group>";
		};
		7681D8FB2C6B3402002D05C0 /* TestingActorsUITests */ = {
			isa = PBXGroup;
			children = (
				7681D8FC2C6B3402002D05C0 /* TestingActorsUITests.swift */,
				7681D8FE2C6B3403002D05C0 /* TestingActorsUITestsLaunchTests.swift */,
			);
			path = TestingActorsUITests;
			sourceTree = "<group>";
		};
		7681D90B2C6B340E002D05C0 /* Networking */ = {
			isa = PBXGroup;
			children = (
				7681D90C2C6B341B002D05C0 /* NetworkingService.swift */,
				763944AD2C6CFCF500F7EDAB /* AnyTask.swift */,
			);
			path = Networking;
			sourceTree = "<group>";
		};
		7681D90E2C6B346B002D05C0 /* Models */ = {
			isa = PBXGroup;
			children = (
				7681D90F2C6B3493002D05C0 /* Results.swift */,
				763944AB2C6C488900F7EDAB /* Abilities.swift */,
			);
			path = Models;
			sourceTree = "<group>";
		};
/* End PBXGroup section */

/* Begin PBXNativeTarget section */
		7681D8D72C6B3401002D05C0 /* TestingActors */ = {
			isa = PBXNativeTarget;
			buildConfigurationList = 7681D9022C6B3403002D05C0 /* Build configuration list for PBXNativeTarget "TestingActors" */;
			buildPhases = (
				7681D8D42C6B3401002D05C0 /* Sources */,
				7681D8D52C6B3401002D05C0 /* Frameworks */,
				7681D8D62C6B3401002D05C0 /* Resources */,
			);
			buildRules = (
			);
			dependencies = (
			);
			name = TestingActors;
			productName = TestingActors;
			productReference = 7681D8D82C6B3401002D05C0 /* TestingActors.app */;
			productType = "com.apple.product-type.application";
		};
		7681D8ED2C6B3402002D05C0 /* TestingActorsTests */ = {
			isa = PBXNativeTarget;
			buildConfigurationList = 7681D9052C6B3403002D05C0 /* Build configuration list for PBXNativeTarget "TestingActorsTests" */;
			buildPhases = (
				7681D8EA2C6B3402002D05C0 /* Sources */,
				7681D8EB2C6B3402002D05C0 /* Frameworks */,
				7681D8EC2C6B3402002D05C0 /* Resources */,
			);
			buildRules = (
			);
			dependencies = (
				7681D8F02C6B3402002D05C0 /* PBXTargetDependency */,
			);
			name = TestingActorsTests;
			productName = TestingActorsTests;
			productReference = 7681D8EE2C6B3402002D05C0 /* TestingActorsTests.xctest */;
			productType = "com.apple.product-type.bundle.unit-test";
		};
		7681D8F72C6B3402002D05C0 /* TestingActorsUITests */ = {
			isa = PBXNativeTarget;
			buildConfigurationList = 7681D9082C6B3403002D05C0 /* Build configuration list for PBXNativeTarget "TestingActorsUITests" */;
			buildPhases = (
				7681D8F42C6B3402002D05C0 /* Sources */,
				7681D8F52C6B3402002D05C0 /* Frameworks */,
				7681D8F62C6B3402002D05C0 /* Resources */,
			);
			buildRules = (
			);
			dependencies = (
				7681D8FA2C6B3402002D05C0 /* PBXTargetDependency */,
			);
			name = TestingActorsUITests;
			productName = TestingActorsUITests;
			productReference = 7681D8F82C6B3402002D05C0 /* TestingActorsUITests.xctest */;
			productType = "com.apple.product-type.bundle.ui-testing";
		};
/* End PBXNativeTarget section */

/* Begin PBXProject section */
		7681D8D02C6B3401002D05C0 /* Project object */ = {
			isa = PBXProject;
			attributes = {
				BuildIndependentTargetsInParallel = 1;
				LastSwiftUpdateCheck = 1500;
				LastUpgradeCheck = 1500;
				TargetAttributes = {
					7681D8D72C6B3401002D05C0 = {
						CreatedOnToolsVersion = 15.0;
					};
					7681D8ED2C6B3402002D05C0 = {
						CreatedOnToolsVersion = 15.0;
						TestTargetID = 7681D8D72C6B3401002D05C0;
					};
					7681D8F72C6B3402002D05C0 = {
						CreatedOnToolsVersion = 15.0;
						TestTargetID = 7681D8D72C6B3401002D05C0;
					};
				};
			};
			buildConfigurationList = 7681D8D32C6B3401002D05C0 /* Build configuration list for PBXProject "TestingActors" */;
			compatibilityVersion = "Xcode 14.0";
			developmentRegion = en;
			hasScannedForEncodings = 0;
			knownRegions = (
				en,
				Base,
			);
			mainGroup = 7681D8CF2C6B3401002D05C0;
			productRefGroup = 7681D8D92C6B3401002D05C0 /* Products */;
			projectDirPath = "";
			projectRoot = "";
			targets = (
				7681D8D72C6B3401002D05C0 /* TestingActors */,
				7681D8ED2C6B3402002D05C0 /* TestingActorsTests */,
				7681D8F72C6B3402002D05C0 /* TestingActorsUITests */,
			);
		};
/* End PBXProject section */

/* Begin PBXResourcesBuildPhase section */
		7681D8D62C6B3401002D05C0 /* Resources */ = {
			isa = PBXResourcesBuildPhase;
			buildActionMask = 2147483647;
			files = (
				7681D8E82C6B3402002D05C0 /* LaunchScreen.storyboard in Resources */,
				7681D8E52C6B3402002D05C0 /* Assets.xcassets in Resources */,
				7681D8E32C6B3401002D05C0 /* Main.storyboard in Resources */,
			);
			runOnlyForDeploymentPostprocessing = 0;
		};
		7681D8EC2C6B3402002D05C0 /* Resources */ = {
			isa = PBXResourcesBuildPhase;
			buildActionMask = 2147483647;
			files = (
			);
			runOnlyForDeploymentPostprocessing = 0;
		};
		7681D8F62C6B3402002D05C0 /* Resources */ = {
			isa = PBXResourcesBuildPhase;
			buildActionMask = 2147483647;
			files = (
			);
			runOnlyForDeploymentPostprocessing = 0;
		};
/* End PBXResourcesBuildPhase section */

/* Begin PBXSourcesBuildPhase section */
		7681D8D42C6B3401002D05C0 /* Sources */ = {
			isa = PBXSourcesBuildPhase;
			buildActionMask = 2147483647;
			files = (
				7681D8E02C6B3401002D05C0 /* ViewController.swift in Sources */,
				7681D8DC2C6B3401002D05C0 /* AppDelegate.swift in Sources */,
				763944AC2C6C488900F7EDAB /* Abilities.swift in Sources */,
				7681D8DE2C6B3401002D05C0 /* SceneDelegate.swift in Sources */,
				763944AE2C6CFCF500F7EDAB /* AnyTask.swift in Sources */,
				7681D90D2C6B341B002D05C0 /* NetworkingService.swift in Sources */,
				7681D9102C6B3493002D05C0 /* Results.swift in Sources */,
			);
			runOnlyForDeploymentPostprocessing = 0;
		};
		7681D8EA2C6B3402002D05C0 /* Sources */ = {
			isa = PBXSourcesBuildPhase;
			buildActionMask = 2147483647;
			files = (
				7681D8F32C6B3402002D05C0 /* TestingActorsTests.swift in Sources */,
			);
			runOnlyForDeploymentPostprocessing = 0;
		};
		7681D8F42C6B3402002D05C0 /* Sources */ = {
			isa = PBXSourcesBuildPhase;
			buildActionMask = 2147483647;
			files = (
				7681D8FD2C6B3402002D05C0 /* TestingActorsUITests.swift in Sources */,
				7681D8FF2C6B3403002D05C0 /* TestingActorsUITestsLaunchTests.swift in Sources */,
			);
			runOnlyForDeploymentPostprocessing = 0;
		};
/* End PBXSourcesBuildPhase section */

/* Begin PBXTargetDependency section */
		7681D8F02C6B3402002D05C0 /* PBXTargetDependency */ = {
			isa = PBXTargetDependency;
			target = 7681D8D72C6B3401002D05C0 /* TestingActors */;
			targetProxy = 7681D8EF2C6B3402002D05C0 /* PBXContainerItemProxy */;
		};
		7681D8FA2C6B3402002D05C0 /* PBXTargetDependency */ = {
			isa = PBXTargetDependency;
			target = 7681D8D72C6B3401002D05C0 /* TestingActors */;
			targetProxy = 7681D8F92C6B3402002D05C0 /* PBXContainerItemProxy */;
		};
/* End PBXTargetDependency section */

/* Begin PBXVariantGroup section */
		7681D8E12C6B3401002D05C0 /* Main.storyboard */ = {
			isa = PBXVariantGroup;
			children = (
				7681D8E22C6B3401002D05C0 /* Base */,
			);
			name = Main.storyboard;
			sourceTree = "<group>";
		};
		7681D8E62C6B3402002D05C0 /* LaunchScreen.storyboard */ = {
			isa = PBXVariantGroup;
			children = (
				7681D8E72C6B3402002D05C0 /* Base */,
			);
			name = LaunchScreen.storyboard;
			sourceTree = "<group>";
		};
/* End PBXVariantGroup section */

/* Begin XCBuildConfiguration section */
		7681D9002C6B3403002D05C0 /* Debug */ = {
			isa = XCBuildConfiguration;
			buildSettings = {
				ALWAYS_SEARCH_USER_PATHS = NO;
				ASSETCATALOG_COMPILER_GENERATE_SWIFT_ASSET_SYMBOL_EXTENSIONS = YES;
				CLANG_ANALYZER_NONNULL = YES;
				CLANG_ANALYZER_NUMBER_OBJECT_CONVERSION = YES_AGGRESSIVE;
				CLANG_CXX_LANGUAGE_STANDARD = "gnu++20";
				CLANG_ENABLE_MODULES = YES;
				CLANG_ENABLE_OBJC_ARC = YES;
				CLANG_ENABLE_OBJC_WEAK = YES;
				CLANG_WARN_BLOCK_CAPTURE_AUTORELEASING = YES;
				CLANG_WARN_BOOL_CONVERSION = YES;
				CLANG_WARN_COMMA = YES;
				CLANG_WARN_CONSTANT_CONVERSION = YES;
				CLANG_WARN_DEPRECATED_OBJC_IMPLEMENTATIONS = YES;
				CLANG_WARN_DIRECT_OBJC_ISA_USAGE = YES_ERROR;
				CLANG_WARN_DOCUMENTATION_COMMENTS = YES;
				CLANG_WARN_EMPTY_BODY = YES;
				CLANG_WARN_ENUM_CONVERSION = YES;
				CLANG_WARN_INFINITE_RECURSION = YES;
				CLANG_WARN_INT_CONVERSION = YES;
				CLANG_WARN_NON_LITERAL_NULL_CONVERSION = YES;
				CLANG_WARN_OBJC_IMPLICIT_RETAIN_SELF = YES;
				CLANG_WARN_OBJC_LITERAL_CONVERSION = YES;
				CLANG_WARN_OBJC_ROOT_CLASS = YES_ERROR;
				CLANG_WARN_QUOTED_INCLUDE_IN_FRAMEWORK_HEADER = YES;
				CLANG_WARN_RANGE_LOOP_ANALYSIS = YES;
				CLANG_WARN_STRICT_PROTOTYPES = YES;
				CLANG_WARN_SUSPICIOUS_MOVE = YES;
				CLANG_WARN_UNGUARDED_AVAILABILITY = YES_AGGRESSIVE;
				CLANG_WARN_UNREACHABLE_CODE = YES;
				CLANG_WARN__DUPLICATE_METHOD_MATCH = YES;
				COPY_PHASE_STRIP = NO;
				DEBUG_INFORMATION_FORMAT = dwarf;
				ENABLE_STRICT_OBJC_MSGSEND = YES;
				ENABLE_TESTABILITY = YES;
				ENABLE_USER_SCRIPT_SANDBOXING = YES;
				GCC_C_LANGUAGE_STANDARD = gnu17;
				GCC_DYNAMIC_NO_PIC = NO;
				GCC_NO_COMMON_BLOCKS = YES;
				GCC_OPTIMIZATION_LEVEL = 0;
				GCC_PREPROCESSOR_DEFINITIONS = (
					"DEBUG=1",
					"$(inherited)",
				);
				GCC_WARN_64_TO_32_BIT_CONVERSION = YES;
				GCC_WARN_ABOUT_RETURN_TYPE = YES_ERROR;
				GCC_WARN_UNDECLARED_SELECTOR = YES;
				GCC_WARN_UNINITIALIZED_AUTOS = YES_AGGRESSIVE;
				GCC_WARN_UNUSED_FUNCTION = YES;
				GCC_WARN_UNUSED_VARIABLE = YES;
				IPHONEOS_DEPLOYMENT_TARGET = 17.0;
				LOCALIZATION_PREFERS_STRING_CATALOGS = YES;
				MTL_ENABLE_DEBUG_INFO = INCLUDE_SOURCE;
				MTL_FAST_MATH = YES;
				ONLY_ACTIVE_ARCH = YES;
				SDKROOT = iphoneos;
				SWIFT_ACTIVE_COMPILATION_CONDITIONS = "DEBUG $(inherited)";
				SWIFT_OPTIMIZATION_LEVEL = "-Onone";
			};
			name = Debug;
		};
		7681D9012C6B3403002D05C0 /* Release */ = {
			isa = XCBuildConfiguration;
			buildSettings = {
				ALWAYS_SEARCH_USER_PATHS = NO;
				ASSETCATALOG_COMPILER_GENERATE_SWIFT_ASSET_SYMBOL_EXTENSIONS = YES;
				CLANG_ANALYZER_NONNULL = YES;
				CLANG_ANALYZER_NUMBER_OBJECT_CONVERSION = YES_AGGRESSIVE;
				CLANG_CXX_LANGUAGE_STANDARD = "gnu++20";
				CLANG_ENABLE_MODULES = YES;
				CLANG_ENABLE_OBJC_ARC = YES;
				CLANG_ENABLE_OBJC_WEAK = YES;
				CLANG_WARN_BLOCK_CAPTURE_AUTORELEASING = YES;
				CLANG_WARN_BOOL_CONVERSION = YES;
				CLANG_WARN_COMMA = YES;
				CLANG_WARN_CONSTANT_CONVERSION = YES;
				CLANG_WARN_DEPRECATED_OBJC_IMPLEMENTATIONS = YES;
				CLANG_WARN_DIRECT_OBJC_ISA_USAGE = YES_ERROR;
				CLANG_WARN_DOCUMENTATION_COMMENTS = YES;
				CLANG_WARN_EMPTY_BODY = YES;
				CLANG_WARN_ENUM_CONVERSION = YES;
				CLANG_WARN_INFINITE_RECURSION = YES;
				CLANG_WARN_INT_CONVERSION = YES;
				CLANG_WARN_NON_LITERAL_NULL_CONVERSION = YES;
				CLANG_WARN_OBJC_IMPLICIT_RETAIN_SELF = YES;
				CLANG_WARN_OBJC_LITERAL_CONVERSION = YES;
				CLANG_WARN_OBJC_ROOT_CLASS = YES_ERROR;
				CLANG_WARN_QUOTED_INCLUDE_IN_FRAMEWORK_HEADER = YES;
				CLANG_WARN_RANGE_LOOP_ANALYSIS = YES;
				CLANG_WARN_STRICT_PROTOTYPES = YES;
				CLANG_WARN_SUSPICIOUS_MOVE = YES;
				CLANG_WARN_UNGUARDED_AVAILABILITY = YES_AGGRESSIVE;
				CLANG_WARN_UNREACHABLE_CODE = YES;
				CLANG_WARN__DUPLICATE_METHOD_MATCH = YES;
				COPY_PHASE_STRIP = NO;
				DEBUG_INFORMATION_FORMAT = "dwarf-with-dsym";
				ENABLE_NS_ASSERTIONS = NO;
				ENABLE_STRICT_OBJC_MSGSEND = YES;
				ENABLE_USER_SCRIPT_SANDBOXING = YES;
				GCC_C_LANGUAGE_STANDARD = gnu17;
				GCC_NO_COMMON_BLOCKS = YES;
				GCC_WARN_64_TO_32_BIT_CONVERSION = YES;
				GCC_WARN_ABOUT_RETURN_TYPE = YES_ERROR;
				GCC_WARN_UNDECLARED_SELECTOR = YES;
				GCC_WARN_UNINITIALIZED_AUTOS = YES_AGGRESSIVE;
				GCC_WARN_UNUSED_FUNCTION = YES;
				GCC_WARN_UNUSED_VARIABLE = YES;
				IPHONEOS_DEPLOYMENT_TARGET = 17.0;
				LOCALIZATION_PREFERS_STRING_CATALOGS = YES;
				MTL_ENABLE_DEBUG_INFO = NO;
				MTL_FAST_MATH = YES;
				SDKROOT = iphoneos;
				SWIFT_COMPILATION_MODE = wholemodule;
				VALIDATE_PRODUCT = YES;
			};
			name = Release;
		};
		7681D9032C6B3403002D05C0 /* Debug */ = {
			isa = XCBuildConfiguration;
			buildSettings = {
				ASSETCATALOG_COMPILER_APPICON_NAME = AppIcon;
				ASSETCATALOG_COMPILER_GLOBAL_ACCENT_COLOR_NAME = AccentColor;
				CODE_SIGN_STYLE = Automatic;
				CURRENT_PROJECT_VERSION = 1;
				DEVELOPMENT_TEAM = R4WEEFNVWZ;
				GENERATE_INFOPLIST_FILE = YES;
				INFOPLIST_FILE = TestingActors/Info.plist;
				INFOPLIST_KEY_UIApplicationSupportsIndirectInputEvents = YES;
				INFOPLIST_KEY_UILaunchStoryboardName = LaunchScreen;
				INFOPLIST_KEY_UIMainStoryboardFile = Main;
				INFOPLIST_KEY_UISupportedInterfaceOrientations_iPad = "UIInterfaceOrientationPortrait UIInterfaceOrientationPortraitUpsideDown UIInterfaceOrientationLandscapeLeft UIInterfaceOrientationLandscapeRight";
				INFOPLIST_KEY_UISupportedInterfaceOrientations_iPhone = "UIInterfaceOrientationPortrait UIInterfaceOrientationLandscapeLeft UIInterfaceOrientationLandscapeRight";
				LD_RUNPATH_SEARCH_PATHS = (
					"$(inherited)",
					"@executable_path/Frameworks",
				);
				MARKETING_VERSION = 1.0;
				PRODUCT_BUNDLE_IDENTIFIER = com.TestingActors;
				PRODUCT_NAME = "$(TARGET_NAME)";
				SWIFT_EMIT_LOC_STRINGS = YES;
				SWIFT_VERSION = 5.0;
				TARGETED_DEVICE_FAMILY = "1,2";
			};
			name = Debug;
		};
		7681D9042C6B3403002D05C0 /* Release */ = {
			isa = XCBuildConfiguration;
			buildSettings = {
				ASSETCATALOG_COMPILER_APPICON_NAME = AppIcon;
				ASSETCATALOG_COMPILER_GLOBAL_ACCENT_COLOR_NAME = AccentColor;
				CODE_SIGN_STYLE = Automatic;
				CURRENT_PROJECT_VERSION = 1;
				DEVELOPMENT_TEAM = R4WEEFNVWZ;
				GENERATE_INFOPLIST_FILE = YES;
				INFOPLIST_FILE = TestingActors/Info.plist;
				INFOPLIST_KEY_UIApplicationSupportsIndirectInputEvents = YES;
				INFOPLIST_KEY_UILaunchStoryboardName = LaunchScreen;
				INFOPLIST_KEY_UIMainStoryboardFile = Main;
				INFOPLIST_KEY_UISupportedInterfaceOrientations_iPad = "UIInterfaceOrientationPortrait UIInterfaceOrientationPortraitUpsideDown UIInterfaceOrientationLandscapeLeft UIInterfaceOrientationLandscapeRight";
				INFOPLIST_KEY_UISupportedInterfaceOrientations_iPhone = "UIInterfaceOrientationPortrait UIInterfaceOrientationLandscapeLeft UIInterfaceOrientationLandscapeRight";
				LD_RUNPATH_SEARCH_PATHS = (
					"$(inherited)",
					"@executable_path/Frameworks",
				);
				MARKETING_VERSION = 1.0;
				PRODUCT_BUNDLE_IDENTIFIER = com.TestingActors;
				PRODUCT_NAME = "$(TARGET_NAME)";
				SWIFT_EMIT_LOC_STRINGS = YES;
				SWIFT_VERSION = 5.0;
				TARGETED_DEVICE_FAMILY = "1,2";
			};
			name = Release;
		};
		7681D9062C6B3403002D05C0 /* Debug */ = {
			isa = XCBuildConfiguration;
			buildSettings = {
				ALWAYS_EMBED_SWIFT_STANDARD_LIBRARIES = YES;
				BUNDLE_LOADER = "$(TEST_HOST)";
				CODE_SIGN_STYLE = Automatic;
				CURRENT_PROJECT_VERSION = 1;
				DEVELOPMENT_TEAM = R4WEEFNVWZ;
				GENERATE_INFOPLIST_FILE = YES;
				IPHONEOS_DEPLOYMENT_TARGET = 17.0;
				MARKETING_VERSION = 1.0;
				PRODUCT_BUNDLE_IDENTIFIER = com.TestingActorsTests;
				PRODUCT_NAME = "$(TARGET_NAME)";
				SWIFT_EMIT_LOC_STRINGS = NO;
				SWIFT_VERSION = 5.0;
				TARGETED_DEVICE_FAMILY = "1,2";
				TEST_HOST = "$(BUILT_PRODUCTS_DIR)/TestingActors.app/$(BUNDLE_EXECUTABLE_FOLDER_PATH)/TestingActors";
			};
			name = Debug;
		};
		7681D9072C6B3403002D05C0 /* Release */ = {
			isa = XCBuildConfiguration;
			buildSettings = {
				ALWAYS_EMBED_SWIFT_STANDARD_LIBRARIES = YES;
				BUNDLE_LOADER = "$(TEST_HOST)";
				CODE_SIGN_STYLE = Automatic;
				CURRENT_PROJECT_VERSION = 1;
				DEVELOPMENT_TEAM = R4WEEFNVWZ;
				GENERATE_INFOPLIST_FILE = YES;
				IPHONEOS_DEPLOYMENT_TARGET = 17.0;
				MARKETING_VERSION = 1.0;
				PRODUCT_BUNDLE_IDENTIFIER = com.TestingActorsTests;
				PRODUCT_NAME = "$(TARGET_NAME)";
				SWIFT_EMIT_LOC_STRINGS = NO;
				SWIFT_VERSION = 5.0;
				TARGETED_DEVICE_FAMILY = "1,2";
				TEST_HOST = "$(BUILT_PRODUCTS_DIR)/TestingActors.app/$(BUNDLE_EXECUTABLE_FOLDER_PATH)/TestingActors";
			};
			name = Release;
		};
		7681D9092C6B3403002D05C0 /* Debug */ = {
			isa = XCBuildConfiguration;
			buildSettings = {
				ALWAYS_EMBED_SWIFT_STANDARD_LIBRARIES = YES;
				CODE_SIGN_STYLE = Automatic;
				CURRENT_PROJECT_VERSION = 1;
				DEVELOPMENT_TEAM = R4WEEFNVWZ;
				GENERATE_INFOPLIST_FILE = YES;
				MARKETING_VERSION = 1.0;
				PRODUCT_BUNDLE_IDENTIFIER = com.TestingActorsUITests;
				PRODUCT_NAME = "$(TARGET_NAME)";
				SWIFT_EMIT_LOC_STRINGS = NO;
				SWIFT_VERSION = 5.0;
				TARGETED_DEVICE_FAMILY = "1,2";
				TEST_TARGET_NAME = TestingActors;
			};
			name = Debug;
		};
		7681D90A2C6B3403002D05C0 /* Release */ = {
			isa = XCBuildConfiguration;
			buildSettings = {
				ALWAYS_EMBED_SWIFT_STANDARD_LIBRARIES = YES;
				CODE_SIGN_STYLE = Automatic;
				CURRENT_PROJECT_VERSION = 1;
				DEVELOPMENT_TEAM = R4WEEFNVWZ;
				GENERATE_INFOPLIST_FILE = YES;
				MARKETING_VERSION = 1.0;
				PRODUCT_BUNDLE_IDENTIFIER = com.TestingActorsUITests;
				PRODUCT_NAME = "$(TARGET_NAME)";
				SWIFT_EMIT_LOC_STRINGS = NO;
				SWIFT_VERSION = 5.0;
				TARGETED_DEVICE_FAMILY = "1,2";
				TEST_TARGET_NAME = TestingActors;
			};
			name = Release;
		};
/* End XCBuildConfiguration section */

/* Begin XCConfigurationList section */
		7681D8D32C6B3401002D05C0 /* Build configuration list for PBXProject "TestingActors" */ = {
			isa = XCConfigurationList;
			buildConfigurations = (
				7681D9002C6B3403002D05C0 /* Debug */,
				7681D9012C6B3403002D05C0 /* Release */,
			);
			defaultConfigurationIsVisible = 0;
			defaultConfigurationName = Release;
		};
		7681D9022C6B3403002D05C0 /* Build configuration list for PBXNativeTarget "TestingActors" */ = {
			isa = XCConfigurationList;
			buildConfigurations = (
				7681D9032C6B3403002D05C0 /* Debug */,
				7681D9042C6B3403002D05C0 /* Release */,
			);
			defaultConfigurationIsVisible = 0;
			defaultConfigurationName = Release;
		};
		7681D9052C6B3403002D05C0 /* Build configuration list for PBXNativeTarget "TestingActorsTests" */ = {
			isa = XCConfigurationList;
			buildConfigurations = (
				7681D9062C6B3403002D05C0 /* Debug */,
				7681D9072C6B3403002D05C0 /* Release */,
			);
			defaultConfigurationIsVisible = 0;
			defaultConfigurationName = Release;
		};
		7681D9082C6B3403002D05C0 /* Build configuration list for PBXNativeTarget "TestingActorsUITests" */ = {
			isa = XCConfigurationList;
			buildConfigurations = (
				7681D9092C6B3403002D05C0 /* Debug */,
				7681D90A2C6B3403002D05C0 /* Release */,
			);
			defaultConfigurationIsVisible = 0;
			defaultConfigurationName = Release;
		};
/* End XCConfigurationList section */
	};
	rootObject = 7681D8D02C6B3401002D05C0 /* Project object */;
}
